
Microsoft Visual Studio Solution File, Format Version 12.00
# Visual Studio 15
VisualStudioVersion = 15.0.27004.2009
MinimumVisualStudioVersion = 10.0.40219.1
Project("{FAE04EC0-301F-11D3-BF4B-00C04F79EFBC}") = "Pets.Android", "Pets\Pets.Android\Pets.Android.csproj", "{9CB13A64-6A4A-4905-9085-0EDF5D897CCE}"
EndProject
Project("{FAE04EC0-301F-11D3-BF4B-00C04F79EFBC}") = "Pets", "Pets\Pets\Pets.csproj", "{731E92DA-D99C-4CED-B8B8-E055AB8E6AB8}"
EndProject
Project("{FAE04EC0-301F-11D3-BF4B-00C04F79EFBC}") = "Pets.UWP", "Pets\Pets.UWP\Pets.UWP.csproj", "{BD3B36AC-5D18-453C-8B0E-5B411B525450}"
EndProject
Project("{FAE04EC0-301F-11D3-BF4B-00C04F79EFBC}") = "Pets.iOS", "Pets\Pets.iOS\Pets.iOS.csproj", "{7CE90AF4-1550-41B5-A659-19F1647F2F8F}"
EndProject
Global
	GlobalSection(SolutionConfigurationPlatforms) = preSolution
		Ad-Hoc|Any CPU = Ad-Hoc|Any CPU
		Ad-Hoc|ARM = Ad-Hoc|ARM
		Ad-Hoc|iPhone = Ad-Hoc|iPhone
		Ad-Hoc|iPhoneSimulator = Ad-Hoc|iPhoneSimulator
		Ad-Hoc|x64 = Ad-Hoc|x64
		Ad-Hoc|x86 = Ad-Hoc|x86
		AppStore|Any CPU = AppStore|Any CPU
		AppStore|ARM = AppStore|ARM
		AppStore|iPhone = AppStore|iPhone
		AppStore|iPhoneSimulator = AppStore|iPhoneSimulator
		AppStore|x64 = AppStore|x64
		AppStore|x86 = AppStore|x86
		Debug|Any CPU = Debug|Any CPU
		Debug|ARM = Debug|ARM
		Debug|iPhone = Debug|iPhone
		Debug|iPhoneSimulator = Debug|iPhoneSimulator
		Debug|x64 = Debug|x64
		Debug|x86 = Debug|x86
		Release|Any CPU = Release|Any CPU
		Release|ARM = Release|ARM
		Release|iPhone = Release|iPhone
		Release|iPhoneSimulator = Release|iPhoneSimulator
		Release|x64 = Release|x64
		Release|x86 = Release|x86
	EndGlobalSection
	GlobalSection(ProjectConfigurationPlatforms) = postSolution
		{9CB13A64-6A4A-4905-9085-0EDF5D897CCE}.Ad-Hoc|Any CPU.ActiveCfg = Release|Any CPU
		{9CB13A64-6A4A-4905-9085-0EDF5D897CCE}.Ad-Hoc|Any CPU.Build.0 = Release|Any CPU
		{9CB13A64-6A4A-4905-9085-0EDF5D897CCE}.Ad-Hoc|Any CPU.Deploy.0 = Release|Any CPU
		{9CB13A64-6A4A-4905-9085-0EDF5D897CCE}.Ad-Hoc|ARM.ActiveCfg = Release|Any CPU
		{9CB13A64-6A4A-4905-9085-0EDF5D897CCE}.Ad-Hoc|ARM.Build.0 = Release|Any CPU
		{9CB13A64-6A4A-4905-9085-0EDF5D897CCE}.Ad-Hoc|ARM.Deploy.0 = Release|Any CPU
		{9CB13A64-6A4A-4905-9085-0EDF5D897CCE}.Ad-Hoc|iPhone.ActiveCfg = Release|Any CPU
		{9CB13A64-6A4A-4905-9085-0EDF5D897CCE}.Ad-Hoc|iPhone.Build.0 = Release|Any CPU
		{9CB13A64-6A4A-4905-9085-0EDF5D897CCE}.Ad-Hoc|iPhone.Deploy.0 = Release|Any CPU
		{9CB13A64-6A4A-4905-9085-0EDF5D897CCE}.Ad-Hoc|iPhoneSimulator.ActiveCfg = Release|Any CPU
		{9CB13A64-6A4A-4905-9085-0EDF5D897CCE}.Ad-Hoc|iPhoneSimulator.Build.0 = Release|Any CPU
		{9CB13A64-6A4A-4905-9085-0EDF5D897CCE}.Ad-Hoc|iPhoneSimulator.Deploy.0 = Release|Any CPU
		{9CB13A64-6A4A-4905-9085-0EDF5D897CCE}.Ad-Hoc|x64.ActiveCfg = Release|Any CPU
		{9CB13A64-6A4A-4905-9085-0EDF5D897CCE}.Ad-Hoc|x64.Build.0 = Release|Any CPU
		{9CB13A64-6A4A-4905-9085-0EDF5D897CCE}.Ad-Hoc|x64.Deploy.0 = Release|Any CPU
		{9CB13A64-6A4A-4905-9085-0EDF5D897CCE}.Ad-Hoc|x86.ActiveCfg = Release|Any CPU
		{9CB13A64-6A4A-4905-9085-0EDF5D897CCE}.Ad-Hoc|x86.Build.0 = Release|Any CPU
		{9CB13A64-6A4A-4905-9085-0EDF5D897CCE}.Ad-Hoc|x86.Deploy.0 = Release|Any CPU
		{9CB13A64-6A4A-4905-9085-0EDF5D897CCE}.AppStore|Any CPU.ActiveCfg = Release|Any CPU
		{9CB13A64-6A4A-4905-9085-0EDF5D897CCE}.AppStore|Any CPU.Build.0 = Release|Any CPU
		{9CB13A64-6A4A-4905-9085-0EDF5D897CCE}.AppStore|Any CPU.Deploy.0 = Release|Any CPU
		{9CB13A64-6A4A-4905-9085-0EDF5D897CCE}.AppStore|ARM.ActiveCfg = Release|Any CPU
		{9CB13A64-6A4A-4905-9085-0EDF5D897CCE}.AppStore|ARM.Build.0 = Release|Any CPU
		{9CB13A64-6A4A-4905-9085-0EDF5D897CCE}.AppStore|ARM.Deploy.0 = Release|Any CPU
		{9CB13A64-6A4A-4905-9085-0EDF5D897CCE}.AppStore|iPhone.ActiveCfg = Release|Any CPU
		{9CB13A64-6A4A-4905-9085-0EDF5D897CCE}.AppStore|iPhone.Build.0 = Release|Any CPU
		{9CB13A64-6A4A-4905-9085-0EDF5D897CCE}.AppStore|iPhone.Deploy.0 = Release|Any CPU
		{9CB13A64-6A4A-4905-9085-0EDF5D897CCE}.AppStore|iPhoneSimulator.ActiveCfg = Release|Any CPU
		{9CB13A64-6A4A-4905-9085-0EDF5D897CCE}.AppStore|iPhoneSimulator.Build.0 = Release|Any CPU
		{9CB13A64-6A4A-4905-9085-0EDF5D897CCE}.AppStore|iPhoneSimulator.Deploy.0 = Release|Any CPU
		{9CB13A64-6A4A-4905-9085-0EDF5D897CCE}.AppStore|x64.ActiveCfg = Release|Any CPU
		{9CB13A64-6A4A-4905-9085-0EDF5D897CCE}.AppStore|x64.Build.0 = Release|Any CPU
		{9CB13A64-6A4A-4905-9085-0EDF5D897CCE}.AppStore|x64.Deploy.0 = Release|Any CPU
		{9CB13A64-6A4A-4905-9085-0EDF5D897CCE}.AppStore|x86.ActiveCfg = Release|Any CPU
		{9CB13A64-6A4A-4905-9085-0EDF5D897CCE}.AppStore|x86.Build.0 = Release|Any CPU
		{9CB13A64-6A4A-4905-9085-0EDF5D897CCE}.AppStore|x86.Deploy.0 = Release|Any CPU
		{9CB13A64-6A4A-4905-9085-0EDF5D897CCE}.Debug|Any CPU.ActiveCfg = Debug|Any CPU
		{9CB13A64-6A4A-4905-9085-0EDF5D897CCE}.Debug|Any CPU.Build.0 = Debug|Any CPU
		{9CB13A64-6A4A-4905-9085-0EDF5D897CCE}.Debug|Any CPU.Deploy.0 = Debug|Any CPU
		{9CB13A64-6A4A-4905-9085-0EDF5D897CCE}.Debug|ARM.ActiveCfg = Debug|Any CPU
		{9CB13A64-6A4A-4905-9085-0EDF5D897CCE}.Debug|ARM.Build.0 = Debug|Any CPU
		{9CB13A64-6A4A-4905-9085-0EDF5D897CCE}.Debug|ARM.Deploy.0 = Debug|Any CPU
		{9CB13A64-6A4A-4905-9085-0EDF5D897CCE}.Debug|iPhone.ActiveCfg = Debug|Any CPU
		{9CB13A64-6A4A-4905-9085-0EDF5D897CCE}.Debug|iPhone.Build.0 = Debug|Any CPU
		{9CB13A64-6A4A-4905-9085-0EDF5D897CCE}.Debug|iPhone.Deploy.0 = Debug|Any CPU
		{9CB13A64-6A4A-4905-9085-0EDF5D897CCE}.Debug|iPhoneSimulator.ActiveCfg = Debug|Any CPU
		{9CB13A64-6A4A-4905-9085-0EDF5D897CCE}.Debug|iPhoneSimulator.Build.0 = Debug|Any CPU
		{9CB13A64-6A4A-4905-9085-0EDF5D897CCE}.Debug|iPhoneSimulator.Deploy.0 = Debug|Any CPU
		{9CB13A64-6A4A-4905-9085-0EDF5D897CCE}.Debug|x64.ActiveCfg = Debug|Any CPU
		{9CB13A64-6A4A-4905-9085-0EDF5D897CCE}.Debug|x64.Build.0 = Debug|Any CPU
		{9CB13A64-6A4A-4905-9085-0EDF5D897CCE}.Debug|x64.Deploy.0 = Debug|Any CPU
		{9CB13A64-6A4A-4905-9085-0EDF5D897CCE}.Debug|x86.ActiveCfg = Debug|Any CPU
		{9CB13A64-6A4A-4905-9085-0EDF5D897CCE}.Debug|x86.Build.0 = Debug|Any CPU
		{9CB13A64-6A4A-4905-9085-0EDF5D897CCE}.Debug|x86.Deploy.0 = Debug|Any CPU
		{9CB13A64-6A4A-4905-9085-0EDF5D897CCE}.Release|Any CPU.ActiveCfg = Release|Any CPU
		{9CB13A64-6A4A-4905-9085-0EDF5D897CCE}.Release|Any CPU.Build.0 = Release|Any CPU
		{9CB13A64-6A4A-4905-9085-0EDF5D897CCE}.Release|Any CPU.Deploy.0 = Release|Any CPU
		{9CB13A64-6A4A-4905-9085-0EDF5D897CCE}.Release|ARM.ActiveCfg = Release|Any CPU
		{9CB13A64-6A4A-4905-9085-0EDF5D897CCE}.Release|ARM.Build.0 = Release|Any CPU
		{9CB13A64-6A4A-4905-9085-0EDF5D897CCE}.Release|ARM.Deploy.0 = Release|Any CPU
		{9CB13A64-6A4A-4905-9085-0EDF5D897CCE}.Release|iPhone.ActiveCfg = Release|Any CPU
		{9CB13A64-6A4A-4905-9085-0EDF5D897CCE}.Release|iPhone.Build.0 = Release|Any CPU
		{9CB13A64-6A4A-4905-9085-0EDF5D897CCE}.Release|iPhone.Deploy.0 = Release|Any CPU
		{9CB13A64-6A4A-4905-9085-0EDF5D897CCE}.Release|iPhoneSimulator.ActiveCfg = Release|Any CPU
		{9CB13A64-6A4A-4905-9085-0EDF5D897CCE}.Release|iPhoneSimulator.Build.0 = Release|Any CPU
		{9CB13A64-6A4A-4905-9085-0EDF5D897CCE}.Release|iPhoneSimulator.Deploy.0 = Release|Any CPU
		{9CB13A64-6A4A-4905-9085-0EDF5D897CCE}.Release|x64.ActiveCfg = Release|Any CPU
		{9CB13A64-6A4A-4905-9085-0EDF5D897CCE}.Release|x64.Build.0 = Release|Any CPU
		{9CB13A64-6A4A-4905-9085-0EDF5D897CCE}.Release|x64.Deploy.0 = Release|Any CPU
		{9CB13A64-6A4A-4905-9085-0EDF5D897CCE}.Release|x86.ActiveCfg = Release|Any CPU
		{9CB13A64-6A4A-4905-9085-0EDF5D897CCE}.Release|x86.Build.0 = Release|Any CPU
		{9CB13A64-6A4A-4905-9085-0EDF5D897CCE}.Release|x86.Deploy.0 = Release|Any CPU
		{731E92DA-D99C-4CED-B8B8-E055AB8E6AB8}.Ad-Hoc|Any CPU.ActiveCfg = Release|Any CPU
		{731E92DA-D99C-4CED-B8B8-E055AB8E6AB8}.Ad-Hoc|Any CPU.Build.0 = Release|Any CPU
		{731E92DA-D99C-4CED-B8B8-E055AB8E6AB8}.Ad-Hoc|ARM.ActiveCfg = Release|Any CPU
		{731E92DA-D99C-4CED-B8B8-E055AB8E6AB8}.Ad-Hoc|ARM.Build.0 = Release|Any CPU
		{731E92DA-D99C-4CED-B8B8-E055AB8E6AB8}.Ad-Hoc|iPhone.ActiveCfg = Release|Any CPU
		{731E92DA-D99C-4CED-B8B8-E055AB8E6AB8}.Ad-Hoc|iPhone.Build.0 = Release|Any CPU
		{731E92DA-D99C-4CED-B8B8-E055AB8E6AB8}.Ad-Hoc|iPhoneSimulator.ActiveCfg = Release|Any CPU
		{731E92DA-D99C-4CED-B8B8-E055AB8E6AB8}.Ad-Hoc|iPhoneSimulator.Build.0 = Release|Any CPU
		{731E92DA-D99C-4CED-B8B8-E055AB8E6AB8}.Ad-Hoc|x64.ActiveCfg = Release|Any CPU
		{731E92DA-D99C-4CED-B8B8-E055AB8E6AB8}.Ad-Hoc|x64.Build.0 = Release|Any CPU
		{731E92DA-D99C-4CED-B8B8-E055AB8E6AB8}.Ad-Hoc|x86.ActiveCfg = Release|Any CPU
		{731E92DA-D99C-4CED-B8B8-E055AB8E6AB8}.Ad-Hoc|x86.Build.0 = Release|Any CPU
		{731E92DA-D99C-4CED-B8B8-E055AB8E6AB8}.AppStore|Any CPU.ActiveCfg = Release|Any CPU
		{731E92DA-D99C-4CED-B8B8-E055AB8E6AB8}.AppStore|Any CPU.Build.0 = Release|Any CPU
		{731E92DA-D99C-4CED-B8B8-E055AB8E6AB8}.AppStore|ARM.ActiveCfg = Release|Any CPU
		{731E92DA-D99C-4CED-B8B8-E055AB8E6AB8}.AppStore|ARM.Build.0 = Release|Any CPU
		{731E92DA-D99C-4CED-B8B8-E055AB8E6AB8}.AppStore|iPhone.ActiveCfg = Release|Any CPU
		{731E92DA-D99C-4CED-B8B8-E055AB8E6AB8}.AppStore|iPhone.Build.0 = Release|Any CPU
		{731E92DA-D99C-4CED-B8B8-E055AB8E6AB8}.AppStore|iPhoneSimulator.ActiveCfg = Release|Any CPU
		{731E92DA-D99C-4CED-B8B8-E055AB8E6AB8}.AppStore|iPhoneSimulator.Build.0 = Release|Any CPU
		{731E92DA-D99C-4CED-B8B8-E055AB8E6AB8}.AppStore|x64.ActiveCfg = Release|Any CPU
		{731E92DA-D99C-4CED-B8B8-E055AB8E6AB8}.AppStore|x64.Build.0 = Release|Any CPU
		{731E92DA-D99C-4CED-B8B8-E055AB8E6AB8}.AppStore|x86.ActiveCfg = Release|Any CPU
		{731E92DA-D99C-4CED-B8B8-E055AB8E6AB8}.AppStore|x86.Build.0 = Release|Any CPU
		{731E92DA-D99C-4CED-B8B8-E055AB8E6AB8}.Debug|Any CPU.ActiveCfg = Debug|Any CPU
		{731E92DA-D99C-4CED-B8B8-E055AB8E6AB8}.Debug|Any CPU.Build.0 = Debug|Any CPU
		{731E92DA-D99C-4CED-B8B8-E055AB8E6AB8}.Debug|ARM.ActiveCfg = Debug|Any CPU
		{731E92DA-D99C-4CED-B8B8-E055AB8E6AB8}.Debug|ARM.Build.0 = Debug|Any CPU
		{731E92DA-D99C-4CED-B8B8-E055AB8E6AB8}.Debug|iPhone.ActiveCfg = Debug|Any CPU
		{731E92DA-D99C-4CED-B8B8-E055AB8E6AB8}.Debug|iPhone.Build.0 = Debug|Any CPU
		{731E92DA-D99C-4CED-B8B8-E055AB8E6AB8}.Debug|iPhoneSimulator.ActiveCfg = Debug|Any CPU
		{731E92DA-D99C-4CED-B8B8-E055AB8E6AB8}.Debug|iPhoneSimulator.Build.0 = Debug|Any CPU
		{731E92DA-D99C-4CED-B8B8-E055AB8E6AB8}.Debug|x64.ActiveCfg = Debug|Any CPU
		{731E92DA-D99C-4CED-B8B8-E055AB8E6AB8}.Debug|x64.Build.0 = Debug|Any CPU
		{731E92DA-D99C-4CED-B8B8-E055AB8E6AB8}.Debug|x86.ActiveCfg = Debug|Any CPU
		{731E92DA-D99C-4CED-B8B8-E055AB8E6AB8}.Debug|x86.Build.0 = Debug|Any CPU
		{731E92DA-D99C-4CED-B8B8-E055AB8E6AB8}.Release|Any CPU.ActiveCfg = Release|Any CPU
		{731E92DA-D99C-4CED-B8B8-E055AB8E6AB8}.Release|Any CPU.Build.0 = Release|Any CPU
		{731E92DA-D99C-4CED-B8B8-E055AB8E6AB8}.Release|ARM.ActiveCfg = Release|Any CPU
		{731E92DA-D99C-4CED-B8B8-E055AB8E6AB8}.Release|ARM.Build.0 = Release|Any CPU
		{731E92DA-D99C-4CED-B8B8-E055AB8E6AB8}.Release|iPhone.ActiveCfg = Release|Any CPU
		{731E92DA-D99C-4CED-B8B8-E055AB8E6AB8}.Release|iPhone.Build.0 = Release|Any CPU
		{731E92DA-D99C-4CED-B8B8-E055AB8E6AB8}.Release|iPhoneSimulator.ActiveCfg = Release|Any CPU
		{731E92DA-D99C-4CED-B8B8-E055AB8E6AB8}.Release|iPhoneSimulator.Build.0 = Release|Any CPU
		{731E92DA-D99C-4CED-B8B8-E055AB8E6AB8}.Release|x64.ActiveCfg = Release|Any CPU
		{731E92DA-D99C-4CED-B8B8-E055AB8E6AB8}.Release|x64.Build.0 = Release|Any CPU
		{731E92DA-D99C-4CED-B8B8-E055AB8E6AB8}.Release|x86.ActiveCfg = Release|Any CPU
		{731E92DA-D99C-4CED-B8B8-E055AB8E6AB8}.Release|x86.Build.0 = Release|Any CPU
		{BD3B36AC-5D18-453C-8B0E-5B411B525450}.Ad-Hoc|Any CPU.ActiveCfg = Release|x86
		{BD3B36AC-5D18-453C-8B0E-5B411B525450}.Ad-Hoc|Any CPU.Build.0 = Release|x86
		{BD3B36AC-5D18-453C-8B0E-5B411B525450}.Ad-Hoc|Any CPU.Deploy.0 = Release|x86
		{BD3B36AC-5D18-453C-8B0E-5B411B525450}.Ad-Hoc|ARM.ActiveCfg = Release|ARM
		{BD3B36AC-5D18-453C-8B0E-5B411B525450}.Ad-Hoc|ARM.Build.0 = Release|ARM
		{BD3B36AC-5D18-453C-8B0E-5B411B525450}.Ad-Hoc|ARM.Deploy.0 = Release|ARM
		{BD3B36AC-5D18-453C-8B0E-5B411B525450}.Ad-Hoc|iPhone.ActiveCfg = Release|x86
		{BD3B36AC-5D18-453C-8B0E-5B411B525450}.Ad-Hoc|iPhone.Build.0 = Release|x86
		{BD3B36AC-5D18-453C-8B0E-5B411B525450}.Ad-Hoc|iPhone.Deploy.0 = Release|x86
		{BD3B36AC-5D18-453C-8B0E-5B411B525450}.Ad-Hoc|iPhoneSimulator.ActiveCfg = Release|x86
		{BD3B36AC-5D18-453C-8B0E-5B411B525450}.Ad-Hoc|iPhoneSimulator.Build.0 = Release|x86
		{BD3B36AC-5D18-453C-8B0E-5B411B525450}.Ad-Hoc|iPhoneSimulator.Deploy.0 = Release|x86
		{BD3B36AC-5D18-453C-8B0E-5B411B525450}.Ad-Hoc|x64.ActiveCfg = Release|x64
		{BD3B36AC-5D18-453C-8B0E-5B411B525450}.Ad-Hoc|x64.Build.0 = Release|x64
		{BD3B36AC-5D18-453C-8B0E-5B411B525450}.Ad-Hoc|x64.Deploy.0 = Release|x64
		{BD3B36AC-5D18-453C-8B0E-5B411B525450}.Ad-Hoc|x86.ActiveCfg = Release|x86
		{BD3B36AC-5D18-453C-8B0E-5B411B525450}.Ad-Hoc|x86.Build.0 = Release|x86
		{BD3B36AC-5D18-453C-8B0E-5B411B525450}.Ad-Hoc|x86.Deploy.0 = Release|x86
		{BD3B36AC-5D18-453C-8B0E-5B411B525450}.AppStore|Any CPU.ActiveCfg = Release|x86
		{BD3B36AC-5D18-453C-8B0E-5B411B525450}.AppStore|Any CPU.Build.0 = Release|x86
		{BD3B36AC-5D18-453C-8B0E-5B411B525450}.AppStore|Any CPU.Deploy.0 = Release|x86
		{BD3B36AC-5D18-453C-8B0E-5B411B525450}.AppStore|ARM.ActiveCfg = Release|ARM
		{BD3B36AC-5D18-453C-8B0E-5B411B525450}.AppStore|ARM.Build.0 = Release|ARM
		{BD3B36AC-5D18-453C-8B0E-5B411B525450}.AppStore|ARM.Deploy.0 = Release|ARM
		{BD3B36AC-5D18-453C-8B0E-5B411B525450}.AppStore|iPhone.ActiveCfg = Release|x86
		{BD3B36AC-5D18-453C-8B0E-5B411B525450}.AppStore|iPhone.Build.0 = Release|x86
		{BD3B36AC-5D18-453C-8B0E-5B411B525450}.AppStore|iPhone.Deploy.0 = Release|x86
		{BD3B36AC-5D18-453C-8B0E-5B411B525450}.AppStore|iPhoneSimulator.ActiveCfg = Release|x86
		{BD3B36AC-5D18-453C-8B0E-5B411B525450}.AppStore|iPhoneSimulator.Build.0 = Release|x86
		{BD3B36AC-5D18-453C-8B0E-5B411B525450}.AppStore|iPhoneSimulator.Deploy.0 = Release|x86
		{BD3B36AC-5D18-453C-8B0E-5B411B525450}.AppStore|x64.ActiveCfg = Release|x64
		{BD3B36AC-5D18-453C-8B0E-5B411B525450}.AppStore|x64.Build.0 = Release|x64
		{BD3B36AC-5D18-453C-8B0E-5B411B525450}.AppStore|x64.Deploy.0 = Release|x64
		{BD3B36AC-5D18-453C-8B0E-5B411B525450}.AppStore|x86.ActiveCfg = Release|x86
		{BD3B36AC-5D18-453C-8B0E-5B411B525450}.AppStore|x86.Build.0 = Release|x86
		{BD3B36AC-5D18-453C-8B0E-5B411B525450}.AppStore|x86.Deploy.0 = Release|x86
		{BD3B36AC-5D18-453C-8B0E-5B411B525450}.Debug|Any CPU.ActiveCfg = Debug|x86
		{BD3B36AC-5D18-453C-8B0E-5B411B525450}.Debug|ARM.ActiveCfg = Debug|ARM
		{BD3B36AC-5D18-453C-8B0E-5B411B525450}.Debug|ARM.Build.0 = Debug|ARM
		{BD3B36AC-5D18-453C-8B0E-5B411B525450}.Debug|ARM.Deploy.0 = Debug|ARM
		{BD3B36AC-5D18-453C-8B0E-5B411B525450}.Debug|iPhone.ActiveCfg = Debug|x86
		{BD3B36AC-5D18-453C-8B0E-5B411B525450}.Debug|iPhoneSimulator.ActiveCfg = Debug|x86
		{BD3B36AC-5D18-453C-8B0E-5B411B525450}.Debug|x64.ActiveCfg = Debug|x64
		{BD3B36AC-5D18-453C-8B0E-5B411B525450}.Debug|x64.Build.0 = Debug|x64
		{BD3B36AC-5D18-453C-8B0E-5B411B525450}.Debug|x64.Deploy.0 = Debug|x64
		{BD3B36AC-5D18-453C-8B0E-5B411B525450}.Debug|x86.ActiveCfg = Debug|x86
		{BD3B36AC-5D18-453C-8B0E-5B411B525450}.Debug|x86.Build.0 = Debug|x86
		{BD3B36AC-5D18-453C-8B0E-5B411B525450}.Debug|x86.Deploy.0 = Debug|x86
		{BD3B36AC-5D18-453C-8B0E-5B411B525450}.Release|Any CPU.ActiveCfg = Release|x86
		{BD3B36AC-5D18-453C-8B0E-5B411B525450}.Release|ARM.ActiveCfg = Release|ARM
		{BD3B36AC-5D18-453C-8B0E-5B411B525450}.Release|ARM.Build.0 = Release|ARM
		{BD3B36AC-5D18-453C-8B0E-5B411B525450}.Release|ARM.Deploy.0 = Release|ARM
		{BD3B36AC-5D18-453C-8B0E-5B411B525450}.Release|iPhone.ActiveCfg = Release|x86
		{BD3B36AC-5D18-453C-8B0E-5B411B525450}.Release|iPhoneSimulator.ActiveCfg = Release|x86
		{BD3B36AC-5D18-453C-8B0E-5B411B525450}.Release|x64.ActiveCfg = Release|x64
		{BD3B36AC-5D18-453C-8B0E-5B411B525450}.Release|x64.Build.0 = Release|x64
		{BD3B36AC-5D18-453C-8B0E-5B411B525450}.Release|x64.Deploy.0 = Release|x64
		{BD3B36AC-5D18-453C-8B0E-5B411B525450}.Release|x86.ActiveCfg = Release|x86
		{BD3B36AC-5D18-453C-8B0E-5B411B525450}.Release|x86.Build.0 = Release|x86
		{BD3B36AC-5D18-453C-8B0E-5B411B525450}.Release|x86.Deploy.0 = Release|x86
		{7CE90AF4-1550-41B5-A659-19F1647F2F8F}.Ad-Hoc|Any CPU.ActiveCfg = Ad-Hoc|iPhoneSimulator
		{7CE90AF4-1550-41B5-A659-19F1647F2F8F}.Ad-Hoc|ARM.ActiveCfg = Ad-Hoc|iPhone
		{7CE90AF4-1550-41B5-A659-19F1647F2F8F}.Ad-Hoc|iPhone.ActiveCfg = Ad-Hoc|iPhone
		{7CE90AF4-1550-41B5-A659-19F1647F2F8F}.Ad-Hoc|iPhone.Build.0 = Ad-Hoc|iPhone
		{7CE90AF4-1550-41B5-A659-19F1647F2F8F}.Ad-Hoc|iPhoneSimulator.ActiveCfg = Ad-Hoc|iPhoneSimulator
		{7CE90AF4-1550-41B5-A659-19F1647F2F8F}.Ad-Hoc|iPhoneSimulator.Build.0 = Ad-Hoc|iPhoneSimulator
		{7CE90AF4-1550-41B5-A659-19F1647F2F8F}.Ad-Hoc|x64.ActiveCfg = Ad-Hoc|iPhone
		{7CE90AF4-1550-41B5-A659-19F1647F2F8F}.Ad-Hoc|x86.ActiveCfg = Ad-Hoc|iPhone
		{7CE90AF4-1550-41B5-A659-19F1647F2F8F}.AppStore|Any CPU.ActiveCfg = AppStore|iPhoneSimulator
		{7CE90AF4-1550-41B5-A659-19F1647F2F8F}.AppStore|ARM.ActiveCfg = AppStore|iPhone
		{7CE90AF4-1550-41B5-A659-19F1647F2F8F}.AppStore|iPhone.ActiveCfg = AppStore|iPhone
		{7CE90AF4-1550-41B5-A659-19F1647F2F8F}.AppStore|iPhone.Build.0 = AppStore|iPhone
		{7CE90AF4-1550-41B5-A659-19F1647F2F8F}.AppStore|iPhoneSimulator.ActiveCfg = AppStore|iPhoneSimulator
		{7CE90AF4-1550-41B5-A659-19F1647F2F8F}.AppStore|iPhoneSimulator.Build.0 = AppStore|iPhoneSimulator
		{7CE90AF4-1550-41B5-A659-19F1647F2F8F}.AppStore|x64.ActiveCfg = AppStore|iPhone
		{7CE90AF4-1550-41B5-A659-19F1647F2F8F}.AppStore|x86.ActiveCfg = AppStore|iPhone
		{7CE90AF4-1550-41B5-A659-19F1647F2F8F}.Debug|Any CPU.ActiveCfg = Debug|iPhoneSimulator
		{7CE90AF4-1550-41B5-A659-19F1647F2F8F}.Debug|ARM.ActiveCfg = Debug|iPhone
		{7CE90AF4-1550-41B5-A659-19F1647F2F8F}.Debug|iPhone.ActiveCfg = Debug|iPhone
		{7CE90AF4-1550-41B5-A659-19F1647F2F8F}.Debug|iPhone.Build.0 = Debug|iPhone
		{7CE90AF4-1550-41B5-A659-19F1647F2F8F}.Debug|iPhoneSimulator.ActiveCfg = Debug|iPhoneSimulator
		{7CE90AF4-1550-41B5-A659-19F1647F2F8F}.Debug|iPhoneSimulator.Build.0 = Debug|iPhoneSimulator
		{7CE90AF4-1550-41B5-A659-19F1647F2F8F}.Debug|x64.ActiveCfg = Debug|iPhone
		{7CE90AF4-1550-41B5-A659-19F1647F2F8F}.Debug|x86.ActiveCfg = Debug|iPhone
		{7CE90AF4-1550-41B5-A659-19F1647F2F8F}.Release|Any CPU.ActiveCfg = Release|iPhoneSimulator
		{7CE90AF4-1550-41B5-A659-19F1647F2F8F}.Release|ARM.ActiveCfg = Release|iPhone
		{7CE90AF4-1550-41B5-A659-19F1647F2F8F}.Release|iPhone.ActiveCfg = Release|iPhone
		{7CE90AF4-1550-41B5-A659-19F1647F2F8F}.Release|iPhone.Build.0 = Release|iPhone
		{7CE90AF4-1550-41B5-A659-19F1647F2F8F}.Release|iPhoneSimulator.ActiveCfg = Release|iPhoneSimulator
		{7CE90AF4-1550-41B5-A659-19F1647F2F8F}.Release|iPhoneSimulator.Build.0 = Release|iPhoneSimulator
		{7CE90AF4-1550-41B5-A659-19F1647F2F8F}.Release|x64.ActiveCfg = Release|iPhone
		{7CE90AF4-1550-41B5-A659-19F1647F2F8F}.Release|x86.ActiveCfg = Release|iPhone
	EndGlobalSection
	GlobalSection(SolutionProperties) = preSolution
		HideSolutionNode = FALSE
	EndGlobalSection
	GlobalSection(ExtensibilityGlobals) = postSolution
		SolutionGuid = {00908953-BDC7-4BF9-8A4B-201CCE29505A}
	EndGlobalSection
EndGlobal
